{
  "name": "vulgar-prab",
  "version": "1.0.0",
  "lockfileVersion": 3,
  "requires": true,
  "packages": {
    "": {
      "name": "vulgar-prab",
      "version": "1.0.0",
      "license": "ISC",
      "dependencies": {
        "vulgar-prab": "^1.0.0"
      }
    },
    "node_modules/vulgar-prab": {
      "version": "1.0.0",
      "resolved": "https://registry.npmjs.org/vulgar-prab/-/vulgar-prab-1.0.0.tgz",
      "integrity": "sha512-MDluQFltZEQ7ttqCA0Id7R9ka7Czx2IcPrM2bj0+Be5lnUKHNrxLIk8/KYvU4/GI/VAEXiPN4ellXdWxbUFX5w=="
    }
  }
}
