{
  "name": "vulgar-prab",
  "version": "1.0.2",
  "lockfileVersion": 3,
  "requires": true,
  "packages": {
    "": {
      "name": "vulgar-prab",
      "version": "1.0.2",
      "license": "ISC",
      "dependencies": {
        "vulgar-prab": "^1.0.2"
      }
    },
    "node_modules/vulgar-prab": {
      "version": "1.0.2",
      "resolved": "https://registry.npmjs.org/vulgar-prab/-/vulgar-prab-1.0.2.tgz",
      "integrity": "sha512-mdZVCvp/ycN5Di6XjClh3VtZ9MmhC4sj9cxEtffrJYq4ovEYp0zWhVNvsq1iq6Wq5SweVEwFBn9ZU+f3KIxz1A==",
      "dependencies": {
        "vulgar-prab": "^1.0.0"
      }
    }
  }
}
